
Microsoft Visual Studio Solution File, Format Version 12.00
# Visual Studio Version 17
VisualStudioVersion = 17.3.32922.545
MinimumVisualStudioVersion = 10.0.40219.1
Project("{FAE04EC0-301F-11D3-BF4B-00C04F79EFBC}") = "KisiselWebSitesi", "KisiselWebSitesi\KisiselWebSitesi.csproj", "{8FC16BC8-5639-447E-8749-B271379A3556}"
EndProject
Global
	GlobalSection(SolutionConfigurationPlatforms) = preSolution
		Debug|Any CPU = Debug|Any CPU
		Release|Any CPU = Release|Any CPU
	EndGlobalSection
	GlobalSection(ProjectConfigurationPlatforms) = postSolution
		{8FC16BC8-5639-447E-8749-B271379A3556}.Debug|Any CPU.ActiveCfg = Debug|Any CPU
		{8FC16BC8-5639-447E-8749-B271379A3556}.Debug|Any CPU.Build.0 = Debug|Any CPU
		{8FC16BC8-5639-447E-8749-B271379A3556}.Release|Any CPU.ActiveCfg = Release|Any CPU
		{8FC16BC8-5639-447E-8749-B271379A3556}.Release|Any CPU.Build.0 = Release|Any CPU
	EndGlobalSection
	GlobalSection(SolutionProperties) = preSolution
		HideSolutionNode = FALSE
	EndGlobalSection
	GlobalSection(ExtensibilityGlobals) = postSolution
		SolutionGuid = {F7380679-5AFE-4696-99BA-0C120012190F}
	EndGlobalSection
EndGlobal
